
Microsoft Visual Studio Solution File, Format Version 12.00
# Visual Studio Version 17
VisualStudioVersion = 17.3.32929.385
MinimumVisualStudioVersion = 10.0.40219.1
Project("{FAE04EC0-301F-11D3-BF4B-00C04F79EFBC}") = "TerraformProvider", "TerraformProvider\TerraformProvider.csproj", "{14919971-2007-4D7D-9288-32E7817334D5}"
EndProject
Global
	GlobalSection(SolutionConfigurationPlatforms) = preSolution
		Debug|Any CPU = Debug|Any CPU
		Release|Any CPU = Release|Any CPU
	EndGlobalSection
	GlobalSection(ProjectConfigurationPlatforms) = postSolution
		{14919971-2007-4D7D-9288-32E7817334D5}.Debug|Any CPU.ActiveCfg = Debug|Any CPU
		{14919971-2007-4D7D-9288-32E7817334D5}.Debug|Any CPU.Build.0 = Debug|Any CPU
		{14919971-2007-4D7D-9288-32E7817334D5}.Release|Any CPU.ActiveCfg = Release|Any CPU
		{14919971-2007-4D7D-9288-32E7817334D5}.Release|Any CPU.Build.0 = Release|Any CPU
	EndGlobalSection
	GlobalSection(SolutionProperties) = preSolution
		HideSolutionNode = FALSE
	EndGlobalSection
	GlobalSection(ExtensibilityGlobals) = postSolution
		SolutionGuid = {6CEB3136-6020-4A97-8119-47D8D894636C}
	EndGlobalSection
EndGlobal
